
Microsoft Visual Studio Solution File, Format Version 12.00
# Visual Studio 15
VisualStudioVersion = 15.0.28307.136
MinimumVisualStudioVersion = 10.0.40219.1
Project("{FAE04EC0-301F-11D3-BF4B-00C04F79EFBC}") = "SpatialDemoExposure", "JoobSpatialExposure\SpatialDemoExposure.csproj", "{E214A574-C4FC-43AF-8B87-4CCD61E3149C}"
EndProject
Project("{FAE04EC0-301F-11D3-BF4B-00C04F79EFBC}") = "JoobSpatialDemo", "JoobSpatialDemo\JoobSpatialDemo.csproj", "{77B8157D-A996-4E1D-9E76-98B45C6D6BDD}"
EndProject
Global
	GlobalSection(SolutionConfigurationPlatforms) = preSolution
		Debug|Any CPU = Debug|Any CPU
		Debug|x64 = Debug|x64
		Release|Any CPU = Release|Any CPU
		Release|x64 = Release|x64
	EndGlobalSection
	GlobalSection(ProjectConfigurationPlatforms) = postSolution
		{E214A574-C4FC-43AF-8B87-4CCD61E3149C}.Debug|Any CPU.ActiveCfg = Debug|Any CPU
		{E214A574-C4FC-43AF-8B87-4CCD61E3149C}.Debug|Any CPU.Build.0 = Debug|Any CPU
		{E214A574-C4FC-43AF-8B87-4CCD61E3149C}.Debug|x64.ActiveCfg = Debug|x64
		{E214A574-C4FC-43AF-8B87-4CCD61E3149C}.Debug|x64.Build.0 = Debug|x64
		{E214A574-C4FC-43AF-8B87-4CCD61E3149C}.Release|Any CPU.ActiveCfg = Release|Any CPU
		{E214A574-C4FC-43AF-8B87-4CCD61E3149C}.Release|Any CPU.Build.0 = Release|Any CPU
		{E214A574-C4FC-43AF-8B87-4CCD61E3149C}.Release|x64.ActiveCfg = Release|Any CPU
		{E214A574-C4FC-43AF-8B87-4CCD61E3149C}.Release|x64.Build.0 = Release|Any CPU
		{77B8157D-A996-4E1D-9E76-98B45C6D6BDD}.Debug|Any CPU.ActiveCfg = Debug|x64
		{77B8157D-A996-4E1D-9E76-98B45C6D6BDD}.Debug|Any CPU.Build.0 = Debug|x64
		{77B8157D-A996-4E1D-9E76-98B45C6D6BDD}.Debug|x64.ActiveCfg = Debug|x64
		{77B8157D-A996-4E1D-9E76-98B45C6D6BDD}.Debug|x64.Build.0 = Debug|x64
		{77B8157D-A996-4E1D-9E76-98B45C6D6BDD}.Release|Any CPU.ActiveCfg = Release|Any CPU
		{77B8157D-A996-4E1D-9E76-98B45C6D6BDD}.Release|Any CPU.Build.0 = Release|Any CPU
		{77B8157D-A996-4E1D-9E76-98B45C6D6BDD}.Release|x64.ActiveCfg = Release|x64
		{77B8157D-A996-4E1D-9E76-98B45C6D6BDD}.Release|x64.Build.0 = Release|x64
	EndGlobalSection
	GlobalSection(SolutionProperties) = preSolution
		HideSolutionNode = FALSE
	EndGlobalSection
	GlobalSection(ExtensibilityGlobals) = postSolution
		SolutionGuid = {15A3624B-F71E-4CF1-ACB5-CF40D1DF42C2}
	EndGlobalSection
EndGlobal
